PODS:
  - DateToolsSwift (2.0.3)
  - DropDownMenuKit (0.8.2)
  - WRCalendarView (1.0.2):
    - DateToolsSwift

DEPENDENCIES:
  - DropDownMenuKit
  - WRCalendarView (from `../`)

EXTERNAL SOURCES:
  WRCalendarView:
    :path: ../

SPEC CHECKSUMS:
  DateToolsSwift: bf69bf9056d9e53c5c03f06e51f219b9b8b02f9e
  DropDownMenuKit: 0acbd983fefac6718b1df209198ba6336c3e2772
  WRCalendarView: 28080c4c5bfa77cd5373f68b43697f65415cfec2

PODFILE CHECKSUM: 6b3d8a3ef1a66a4d14ce529321249f647746fff3

COCOAPODS: 1.3.1
